{
  "lockfileVersion": 1,
  "configVersion": 1,
  "workspaces": {
    "": {
      "name": "@catheadowl/ukp",
      "dependencies": {
        "commander": "15.0.0",
        "smol-toml": "1.7.1",
        "zod": "4.4.3",
      },
      "devDependencies": {
        "@types/bun": "1.3.5",
        "typescript": "5.9.3",
      },
    },
  },
  "packages": {
    "@types/bun": ["@types/bun@1.3.5", "https://registry.npmmirror.com/@types/bun/-/bun-1.3.5.tgz", { "dependencies": { "bun-types": "1.3.5" } }, "sha512-RnygCqNrd3srIPEWBd5LFeUYG7plCoH2Yw9WaZGyNmdTEei+gWaHqydbaIRkIkcbXwhBT94q78QljxN0Sk838w=="],

    "@types/node": ["@types/node@26.1.1", "https://registry.npmmirror.com/@types/node/-/node-26.1.1.tgz", { "dependencies": { "undici-types": "~8.3.0" } }, "sha512-nxAkRSVkN1Y0JC1W8ky/fTfkGsMmcrRsbx+3XoZE+rMOX71kLYTV7fLXpqud1GpbpP5TuffXFqfX7fH2GgZREw=="],

    "bun-types": ["bun-types@1.3.5", "https://registry.npmmirror.com/bun-types/-/bun-types-1.3.5.tgz", { "dependencies": { "@types/node": "*" } }, "sha512-inmAYe2PFLs0SUbFOWSVD24sg1jFlMPxOjOSSCYqUgn4Hsc3rDc7dFvfVYjFPNHtov6kgUeulV4SxbuIV/stPw=="],

    "commander": ["commander@15.0.0", "https://registry.npmmirror.com/commander/-/commander-15.0.0.tgz", {}, "sha512-z67u4ZhzCL/Tydu1lJARtEZYWbWaN7oYLHbsuzocr6y4N6WZAagG3RQ4FW61V1/0+jImpj293XfrcYnd1qxtPg=="],

    "smol-toml": ["smol-toml@1.7.1", "https://registry.npmmirror.com/smol-toml/-/smol-toml-1.7.1.tgz", {}, "sha512-PPlsspAZ4jbMBu5DMFhfUGDQLu/vrL4SyBROVS37x8ynnVmFIs1VPBz1Co8Xks3TvpIaZXmU85y4DrQ+UyVFoQ=="],

    "typescript": ["typescript@5.9.3", "https://registry.npmmirror.com/typescript/-/typescript-5.9.3.tgz", { "bin": { "tsc": "bin/tsc", "tsserver": "bin/tsserver" } }, "sha512-jl1vZzPDinLr9eUt3J/t7V6FgNEw9QjvBPdysz9KfQDD41fQrC2Y4vKQdiaUpFT4bXlb1RHhLpp8wtm6M5TgSw=="],

    "undici-types": ["undici-types@8.3.0", "https://registry.npmmirror.com/undici-types/-/undici-types-8.3.0.tgz", {}, "sha512-j375ScV60dom+YkPFIfTLcOiPxkN/buHz5GobjLhixFuANaNs3C9l4GmrWqejgXWJ7BbJcFYpTEUkS1Ge8bpZQ=="],

    "zod": ["zod@4.4.3", "https://registry.npmmirror.com/zod/-/zod-4.4.3.tgz", {}, "sha512-ytENFjIJFl2UwYglde2jchW2Hwm4GJFLDiSXWdTrJQBIN9Fcyp7n4DhxJEiWNAJMV1/BqWfW/kkg71UDcHJyTQ=="],
  }
}
